
Microsoft Visual Studio Solution File, Format Version 12.00
# Visual Studio 2012
VisualStudioVersion = 12.0.21005.1
MinimumVisualStudioVersion = 10.0.40219.1
Project("{FAE04EC0-301F-11D3-BF4B-00C04F79EFBC}") = "wServer", "wServer\wServer.csproj", "{D791B2A2-F79D-4872-B6FF-EF5B4FE52ADA}"
EndProject
Project("{FAE04EC0-301F-11D3-BF4B-00C04F79EFBC}") = "db", "db\db.csproj", "{D5D0743E-5120-4D35-8EBE-9B063C7A73CE}"
EndProject
Global
	GlobalSection(SolutionConfigurationPlatforms) = preSolution
		Debug|Any CPU = Debug|Any CPU
		Debug|Mixed Platforms = Debug|Mixed Platforms
		Debug|x86 = Debug|x86
		Release|Any CPU = Release|Any CPU
		Release|Mixed Platforms = Release|Mixed Platforms
		Release|x86 = Release|x86
	EndGlobalSection
	GlobalSection(ProjectConfigurationPlatforms) = postSolution
		{D5D0743E-5120-4D35-8EBE-9B063C7A73CE}.Debug|Any CPU.ActiveCfg = Debug|Any CPU
		{D5D0743E-5120-4D35-8EBE-9B063C7A73CE}.Debug|Any CPU.Build.0 = Debug|Any CPU
		{D5D0743E-5120-4D35-8EBE-9B063C7A73CE}.Debug|Mixed Platforms.ActiveCfg = Debug|Any CPU
		{D5D0743E-5120-4D35-8EBE-9B063C7A73CE}.Debug|Mixed Platforms.Build.0 = Debug|Any CPU
		{D5D0743E-5120-4D35-8EBE-9B063C7A73CE}.Debug|x86.ActiveCfg = Debug|Any CPU
		{D5D0743E-5120-4D35-8EBE-9B063C7A73CE}.Release|Any CPU.ActiveCfg = Release|Any CPU
		{D5D0743E-5120-4D35-8EBE-9B063C7A73CE}.Release|Any CPU.Build.0 = Release|Any CPU
		{D5D0743E-5120-4D35-8EBE-9B063C7A73CE}.Release|Mixed Platforms.ActiveCfg = Release|Any CPU
		{D5D0743E-5120-4D35-8EBE-9B063C7A73CE}.Release|Mixed Platforms.Build.0 = Release|Any CPU
		{D5D0743E-5120-4D35-8EBE-9B063C7A73CE}.Release|x86.ActiveCfg = Release|Any CPU
		{D791B2A2-F79D-4872-B6FF-EF5B4FE52ADA}.Debug|Any CPU.ActiveCfg = Debug|Any CPU
		{D791B2A2-F79D-4872-B6FF-EF5B4FE52ADA}.Debug|Any CPU.Build.0 = Debug|Any CPU
		{D791B2A2-F79D-4872-B6FF-EF5B4FE52ADA}.Debug|Mixed Platforms.ActiveCfg = Debug|Any CPU
		{D791B2A2-F79D-4872-B6FF-EF5B4FE52ADA}.Debug|Mixed Platforms.Build.0 = Debug|Any CPU
		{D791B2A2-F79D-4872-B6FF-EF5B4FE52ADA}.Debug|x86.ActiveCfg = Debug|Any CPU
		{D791B2A2-F79D-4872-B6FF-EF5B4FE52ADA}.Release|Any CPU.ActiveCfg = Release|Any CPU
		{D791B2A2-F79D-4872-B6FF-EF5B4FE52ADA}.Release|Any CPU.Build.0 = Release|Any CPU
		{D791B2A2-F79D-4872-B6FF-EF5B4FE52ADA}.Release|Mixed Platforms.ActiveCfg = Release|Any CPU
		{D791B2A2-F79D-4872-B6FF-EF5B4FE52ADA}.Release|Mixed Platforms.Build.0 = Release|Any CPU
		{D791B2A2-F79D-4872-B6FF-EF5B4FE52ADA}.Release|x86.ActiveCfg = Release|Any CPU
	EndGlobalSection
	GlobalSection(NestedProjects) = preSolution
	EndGlobalSection
	GlobalSection(MonoDevelopProperties) = preSolution
		StartupItem = wServer\wServer.csproj
	EndGlobalSection
	GlobalSection(SolutionProperties) = preSolution
		HideSolutionNode = FALSE
	EndGlobalSection
EndGlobal
